{
    "hash": "9af5078bb4710be14b3a3a9ba014db46",
    "packages": [
        {
            "package": "doctrine/common",
            "version": "2.2.2"
        },
        {
            "package": "doctrine/dbal",
            "version": "2.2.2"
        },
        {
            "package": "doctrine/doctrine-bundle",
            "version": "dev-master",
            "source-reference": "93e0089c1eb6f4d3a171b65986450ddb8c69271b"
        },
        {
            "package": "doctrine/doctrine-migrations-bundle",
            "version": "dev-master",
            "source-reference": "e670643b1011fb997a209d8564a1c493fda1f4c3"
        },
        {
            "package": "doctrine/migrations",
            "version": "dev-master",
            "source-reference": "9e81984b0f126b0830d9ac6acc2d1da81aba2b94"
        },
        {
            "package": "doctrine/orm",
            "version": "2.2.0"
        },
        {
            "package": "hearsay/require-js-bundle",
            "version": "master",
            "source-reference": "master"
        },
        {
            "package": "jms/aop-bundle",
            "version": "1.0.0"
        },
        {
            "package": "jms/cg",
            "version": "1.0.0"
        },
        {
            "package": "jms/di-extra-bundle",
            "version": "1.0.1"
        },
        {
            "package": "jms/metadata",
            "version": "1.1.1"
        },
        {
            "package": "jms/security-extra-bundle",
            "version": "1.1.0"
        },
        {
            "package": "kriswallsmith/assetic",
            "version": "dev-master",
            "source-reference": "3acfb6afa50dd1dca387a8dfb641cd3b98a8584d"
        },
        {
            "package": "monolog/monolog",
            "version": "1.0.2"
        },
        {
            "package": "mopa/bootstrap-bundle",
            "version": "dev-master",
            "source-reference": "b454d345ae9305ac1e7f90c20ab10d68c54ce9f5"
        },
        {
            "package": "nzakas/cssembed",
            "version": "0.4.5"
        },
        {
            "package": "sensio/distribution-bundle",
            "version": "dev-master",
            "source-reference": "a2f09ae4b38533d9f16083b740f6a77fb5efd313"
        },
        {
            "package": "sensio/framework-extra-bundle",
            "version": "dev-master",
            "source-reference": "94a9615c6e52a3d02ca7f44eee56f20e0c5c4622"
        },
        {
            "package": "sensio/generator-bundle",
            "version": "dev-master",
            "source-reference": "5f2ded5e5679f66c604f128d5650715bb81d7d7c"
        },
        {
            "package": "sonata-project/jquery-bundle",
            "version": "dev-master",
            "source-reference": "01ffb8d1a7a4bb3971aed003e4f1ef050a0701aa"
        },
        {
            "package": "swiftmailer/swiftmailer",
            "version": "4.1.6"
        },
        {
            "package": "symfony/assetic-bundle",
            "version": "dev-master",
            "source-reference": "d370e914e86518e88aa00ab266796ee032b8262e"
        },
        {
            "package": "symfony/monolog-bundle",
            "version": "dev-master",
            "source-reference": "aea0145e5669ed855db430e0f53536fab16b6dd7"
        },
        {
            "package": "symfony/swiftmailer-bridge",
            "version": "dev-master",
            "source-reference": "23b8d5c049bb3dfb67ec04bbea09464da27c4ec7"
        },
        {
            "package": "symfony/swiftmailer-bundle",
            "version": "dev-master",
            "source-reference": "1c6b57fe57210e9dcb5b4586d6572f47d17a25d7"
        },
        {
            "package": "symfony/symfony",
            "version": "dev-master",
            "source-reference": "6c714095fa3e74c4a5466037f02e1845b9130d35",
            "alias": "2.1.9999999.9999999-dev"
        },
        {
            "package": "twig/extensions",
            "version": "dev-master",
            "source-reference": "446d870272cd87a720e95242eade38a2acf56eaa"
        },
        {
            "package": "twig/twig",
            "version": "dev-master",
            "source-reference": "fa0b0985c3b3b62281ea938f01eadf04cdbeaa3f",
            "alias": "1.7.9999999.9999999-dev"
        },
        {
            "package": "twitter/bootstrap",
            "version": "master",
            "source-reference": "master"
        }
    ],
    "packages-dev": null,
    "aliases": []
}
